{
  "object": {
    "pins": [
      {
        "package": "ApprovalTests.Swift",
        "repositoryURL": "https://github.com/approvals/ApprovalTests.Swift",
        "state": {
          "branch": null,
          "revision": "f003524be9f86aef6d00c6ee2eb53ed682514348",
          "version": "2.0.0"
        }
      }
    ]
  },
  "version": 1
}
